// !$*UTF8*$!
{
	archiveVersion = 1;
	classes = {
	};
	objectVersion = 60;
	objects = {

/* Begin PBXBuildFile section */
		B161B97C2B82B1F60095B366 /* TabBar.swift in Sources */ = {isa = PBXBuildFile; fileRef = B161B97B2B82B1F60095B366 /* TabBar.swift */; };
		B161B97E2B82B2DC0095B366 /* ContentView.swift in Sources */ = {isa = PBXBuildFile; fileRef = B161B97D2B82B2DC0095B366 /* ContentView.swift */; };
		B161B9802B82BB8F0095B366 /* ReaderScene.swift in Sources */ = {isa = PBXBuildFile; fileRef = B161B97F2B82BB8F0095B366 /* ReaderScene.swift */; };
		B161B9822B82BBB90095B366 /* ReaderView.swift in Sources */ = {isa = PBXBuildFile; fileRef = B161B9812B82BBB90095B366 /* ReaderView.swift */; };
		B161B9852B82BE360095B366 /* ImmersiveReaderView.swift in Sources */ = {isa = PBXBuildFile; fileRef = B161B9842B82BE360095B366 /* ImmersiveReaderView.swift */; };
		B188D85C2B8483DE0092D848 /* EPUBReaderView.swift in Sources */ = {isa = PBXBuildFile; fileRef = B188D85B2B8483DE0092D848 /* EPUBReaderView.swift */; };
		B188D85F2B86AAFD0092D848 /* R2Navigator in Frameworks */ = {isa = PBXBuildFile; productRef = B188D85E2B86AAFD0092D848 /* R2Navigator */; };
		B188D8612B86AAFD0092D848 /* R2Shared in Frameworks */ = {isa = PBXBuildFile; productRef = B188D8602B86AAFD0092D848 /* R2Shared */; };
		B188D8632B86AAFD0092D848 /* R2Streamer in Frameworks */ = {isa = PBXBuildFile; productRef = B188D8622B86AAFD0092D848 /* R2Streamer */; };
		B188D8662B86AC6E0092D848 /* R2Navigator in Frameworks */ = {isa = PBXBuildFile; productRef = B188D8652B86AC6E0092D848 /* R2Navigator */; };
		B188D8682B86AC6E0092D848 /* R2Shared in Frameworks */ = {isa = PBXBuildFile; productRef = B188D8672B86AC6E0092D848 /* R2Shared */; };
		B188D86A2B86AC6E0092D848 /* R2Streamer in Frameworks */ = {isa = PBXBuildFile; productRef = B188D8692B86AC6E0092D848 /* R2Streamer */; };
		B188D86C2B86AD7A0092D848 /* BookGridView.swift in Sources */ = {isa = PBXBuildFile; fileRef = B188D86B2B86AD7A0092D848 /* BookGridView.swift */; };
		B188D86E2B86ADF60092D848 /* BookItem.swift in Sources */ = {isa = PBXBuildFile; fileRef = B188D86D2B86ADF60092D848 /* BookItem.swift */; };
		B188D8932B86D86D0092D848 /* sampleVideo.mp4 in Resources */ = {isa = PBXBuildFile; fileRef = B188D8922B86D86D0092D848 /* sampleVideo.mp4 */; };
		B188D8962B86F5560092D848 /* EPUBReaderViewController.swift in Sources */ = {isa = PBXBuildFile; fileRef = B188D8952B86F5560092D848 /* EPUBReaderViewController.swift */; };
		B188D89A2B8704650092D848 /* AppDelegate.swift in Sources */ = {isa = PBXBuildFile; fileRef = B188D8992B8704650092D848 /* AppDelegate.swift */; };
		B188D89C2B870C180092D848 /* ReadiumAdapterGCDWebServer in Frameworks */ = {isa = PBXBuildFile; productRef = B188D89B2B870C180092D848 /* ReadiumAdapterGCDWebServer */; };
		B188D8A02B87D00C0092D848 /* ImmersiveReaderScene.swift in Sources */ = {isa = PBXBuildFile; fileRef = B188D89F2B87D00C0092D848 /* ImmersiveReaderScene.swift */; };
		B188D8A32B884D690092D848 /* example.epub in Resources */ = {isa = PBXBuildFile; fileRef = B188D8A22B884D680092D848 /* example.epub */; };
		B188D8A52B8854E30092D848 /* ExploreView.swift in Sources */ = {isa = PBXBuildFile; fileRef = B188D8A42B8854E30092D848 /* ExploreView.swift */; };
		B188D8A92B8859770092D848 /* FilterView.swift in Sources */ = {isa = PBXBuildFile; fileRef = B188D8A82B8859770092D848 /* FilterView.swift */; };
		B188D8AB2B8864830092D848 /* BookRowDetail.swift in Sources */ = {isa = PBXBuildFile; fileRef = B188D8AA2B8864830092D848 /* BookRowDetail.swift */; };
		B1CDFB602B770BC400C439B0 /* RealityKitContent in Frameworks */ = {isa = PBXBuildFile; productRef = B1CDFB5F2B770BC400C439B0 /* RealityKitContent */; };
		B1CDFB622B770BC400C439B0 /* PaperplaneApp.swift in Sources */ = {isa = PBXBuildFile; fileRef = B1CDFB612B770BC400C439B0 /* PaperplaneApp.swift */; };
		B1CDFB642B770BC400C439B0 /* HomeView.swift in Sources */ = {isa = PBXBuildFile; fileRef = B1CDFB632B770BC400C439B0 /* HomeView.swift */; };
		B1CDFB682B770BC800C439B0 /* Assets.xcassets in Resources */ = {isa = PBXBuildFile; fileRef = B1CDFB672B770BC800C439B0 /* Assets.xcassets */; };
		B1CDFB6B2B770BC800C439B0 /* Preview Assets.xcassets in Resources */ = {isa = PBXBuildFile; fileRef = B1CDFB6A2B770BC800C439B0 /* Preview Assets.xcassets */; };
		B1CDFB762B7ACF1300C439B0 /* DataModel.swift in Sources */ = {isa = PBXBuildFile; fileRef = B1CDFB752B7ACF1300C439B0 /* DataModel.swift */; };
		B1CDFB782B801F5500C439B0 /* BookService.swift in Sources */ = {isa = PBXBuildFile; fileRef = B1CDFB772B801F5500C439B0 /* BookService.swift */; };
		B1CDFB7A2B805A7100C439B0 /* ImageLoader.swift in Sources */ = {isa = PBXBuildFile; fileRef = B1CDFB792B805A7100C439B0 /* ImageLoader.swift */; };
		B1CDFB7C2B805DF900C439B0 /* BookCoverView.swift in Sources */ = {isa = PBXBuildFile; fileRef = B1CDFB7B2B805DF900C439B0 /* BookCoverView.swift */; };
		B1CDFB802B8085FF00C439B0 /* BookDetailView.swift in Sources */ = {isa = PBXBuildFile; fileRef = B1CDFB7F2B8085FF00C439B0 /* BookDetailView.swift */; };
		B1CDFB862B809EAF00C439B0 /* BookDetailsScene.swift in Sources */ = {isa = PBXBuildFile; fileRef = B1CDFB852B809EAF00C439B0 /* BookDetailsScene.swift */; };
/* End PBXBuildFile section */

/* Begin PBXFileReference section */
		B161B97B2B82B1F60095B366 /* TabBar.swift */ = {isa = PBXFileReference; lastKnownFileType = sourcecode.swift; path = TabBar.swift; sourceTree = "<group>"; };
		B161B97D2B82B2DC0095B366 /* ContentView.swift */ = {isa = PBXFileReference; lastKnownFileType = sourcecode.swift; path = ContentView.swift; sourceTree = "<group>"; };
		B161B97F2B82BB8F0095B366 /* ReaderScene.swift */ = {isa = PBXFileReference; lastKnownFileType = sourcecode.swift; path = ReaderScene.swift; sourceTree = "<group>"; };
		B161B9812B82BBB90095B366 /* ReaderView.swift */ = {isa = PBXFileReference; lastKnownFileType = sourcecode.swift; path = ReaderView.swift; sourceTree = "<group>"; };
		B161B9842B82BE360095B366 /* ImmersiveReaderView.swift */ = {isa = PBXFileReference; lastKnownFileType = sourcecode.swift; path = ImmersiveReaderView.swift; sourceTree = "<group>"; };
		B188D85B2B8483DE0092D848 /* EPUBReaderView.swift */ = {isa = PBXFileReference; lastKnownFileType = sourcecode.swift; path = EPUBReaderView.swift; sourceTree = "<group>"; };
		B188D86B2B86AD7A0092D848 /* BookGridView.swift */ = {isa = PBXFileReference; lastKnownFileType = sourcecode.swift; path = BookGridView.swift; sourceTree = "<group>"; };
		B188D86D2B86ADF60092D848 /* BookItem.swift */ = {isa = PBXFileReference; lastKnownFileType = sourcecode.swift; path = BookItem.swift; sourceTree = "<group>"; };
		B188D8922B86D86D0092D848 /* sampleVideo.mp4 */ = {isa = PBXFileReference; lastKnownFileType = file; path = sampleVideo.mp4; sourceTree = "<group>"; };
		B188D8952B86F5560092D848 /* EPUBReaderViewController.swift */ = {isa = PBXFileReference; lastKnownFileType = sourcecode.swift; path = EPUBReaderViewController.swift; sourceTree = "<group>"; };
		B188D8992B8704650092D848 /* AppDelegate.swift */ = {isa = PBXFileReference; lastKnownFileType = sourcecode.swift; path = AppDelegate.swift; sourceTree = "<group>"; };
		B188D89F2B87D00C0092D848 /* ImmersiveReaderScene.swift */ = {isa = PBXFileReference; lastKnownFileType = sourcecode.swift; path = ImmersiveReaderScene.swift; sourceTree = "<group>"; };
		B188D8A22B884D680092D848 /* example.epub */ = {isa = PBXFileReference; lastKnownFileType = file; path = example.epub; sourceTree = "<group>"; };
		B188D8A42B8854E30092D848 /* ExploreView.swift */ = {isa = PBXFileReference; lastKnownFileType = sourcecode.swift; path = ExploreView.swift; sourceTree = "<group>"; };
		B188D8A82B8859770092D848 /* FilterView.swift */ = {isa = PBXFileReference; lastKnownFileType = sourcecode.swift; path = FilterView.swift; sourceTree = "<group>"; };
		B188D8AA2B8864830092D848 /* BookRowDetail.swift */ = {isa = PBXFileReference; lastKnownFileType = sourcecode.swift; path = BookRowDetail.swift; sourceTree = "<group>"; };
		B1CDFB5A2B770BC400C439B0 /* Paperplane.app */ = {isa = PBXFileReference; explicitFileType = wrapper.application; includeInIndex = 0; path = Paperplane.app; sourceTree = BUILT_PRODUCTS_DIR; };
		B1CDFB5E2B770BC400C439B0 /* RealityKitContent */ = {isa = PBXFileReference; lastKnownFileType = wrapper; path = RealityKitContent; sourceTree = "<group>"; };
		B1CDFB612B770BC400C439B0 /* PaperplaneApp.swift */ = {isa = PBXFileReference; lastKnownFileType = sourcecode.swift; path = PaperplaneApp.swift; sourceTree = "<group>"; };
		B1CDFB632B770BC400C439B0 /* HomeView.swift */ = {isa = PBXFileReference; lastKnownFileType = sourcecode.swift; path = HomeView.swift; sourceTree = "<group>"; };
		B1CDFB672B770BC800C439B0 /* Assets.xcassets */ = {isa = PBXFileReference; lastKnownFileType = folder.assetcatalog; path = Assets.xcassets; sourceTree = "<group>"; };
		B1CDFB6A2B770BC800C439B0 /* Preview Assets.xcassets */ = {isa = PBXFileReference; lastKnownFileType = folder.assetcatalog; path = "Preview Assets.xcassets"; sourceTree = "<group>"; };
		B1CDFB6C2B770BC800C439B0 /* Info.plist */ = {isa = PBXFileReference; lastKnownFileType = text.plist.xml; path = Info.plist; sourceTree = "<group>"; };
		B1CDFB752B7ACF1300C439B0 /* DataModel.swift */ = {isa = PBXFileReference; lastKnownFileType = sourcecode.swift; path = DataModel.swift; sourceTree = "<group>"; };
		B1CDFB772B801F5500C439B0 /* BookService.swift */ = {isa = PBXFileReference; lastKnownFileType = sourcecode.swift; path = BookService.swift; sourceTree = "<group>"; };
		B1CDFB792B805A7100C439B0 /* ImageLoader.swift */ = {isa = PBXFileReference; lastKnownFileType = sourcecode.swift; path = ImageLoader.swift; sourceTree = "<group>"; };
		B1CDFB7B2B805DF900C439B0 /* BookCoverView.swift */ = {isa = PBXFileReference; lastKnownFileType = sourcecode.swift; path = BookCoverView.swift; sourceTree = "<group>"; };
		B1CDFB7F2B8085FF00C439B0 /* BookDetailView.swift */ = {isa = PBXFileReference; lastKnownFileType = sourcecode.swift; path = BookDetailView.swift; sourceTree = "<group>"; };
		B1CDFB852B809EAF00C439B0 /* BookDetailsScene.swift */ = {isa = PBXFileReference; lastKnownFileType = sourcecode.swift; path = BookDetailsScene.swift; sourceTree = "<group>"; };
/* End PBXFileReference section */

/* Begin PBXFrameworksBuildPhase section */
		B1CDFB572B770BC400C439B0 /* Frameworks */ = {
			isa = PBXFrameworksBuildPhase;
			buildActionMask = 2147483647;
			files = (
				B188D8662B86AC6E0092D848 /* R2Navigator in Frameworks */,
				B188D8682B86AC6E0092D848 /* R2Shared in Frameworks */,
				B188D86A2B86AC6E0092D848 /* R2Streamer in Frameworks */,
				B188D85F2B86AAFD0092D848 /* R2Navigator in Frameworks */,
				B188D8632B86AAFD0092D848 /* R2Streamer in Frameworks */,
				B188D89C2B870C180092D848 /* ReadiumAdapterGCDWebServer in Frameworks */,
				B188D8612B86AAFD0092D848 /* R2Shared in Frameworks */,
				B1CDFB602B770BC400C439B0 /* RealityKitContent in Frameworks */,
			);
			runOnlyForDeploymentPostprocessing = 0;
		};
/* End PBXFrameworksBuildPhase section */

/* Begin PBXGroup section */
		B161B9832B82BE1B0095B366 /* Reader */ = {
			isa = PBXGroup;
			children = (
				B161B97F2B82BB8F0095B366 /* ReaderScene.swift */,
				B161B9862B840CA00095B366 /* Views */,
			);
			path = Reader;
			sourceTree = "<group>";
		};
		B161B9862B840CA00095B366 /* Views */ = {
			isa = PBXGroup;
			children = (
				B161B9812B82BBB90095B366 /* ReaderView.swift */,
				B188D85B2B8483DE0092D848 /* EPUBReaderView.swift */,
				B188D8952B86F5560092D848 /* EPUBReaderViewController.swift */,
			);
			path = Views;
			sourceTree = "<group>";
		};
		B188D8942B86EAA10092D848 /* Book */ = {
			isa = PBXGroup;
			children = (
				B188D86D2B86ADF60092D848 /* BookItem.swift */,
				B1CDFB7F2B8085FF00C439B0 /* BookDetailView.swift */,
				B1CDFB7B2B805DF900C439B0 /* BookCoverView.swift */,
			);
			path = Book;
			sourceTree = "<group>";
		};
		B188D8A12B87D4FE0092D848 /* ImmersiveScene */ = {
			isa = PBXGroup;
			children = (
				B161B9842B82BE360095B366 /* ImmersiveReaderView.swift */,
				B188D89F2B87D00C0092D848 /* ImmersiveReaderScene.swift */,
			);
			path = ImmersiveScene;
			sourceTree = "<group>";
		};
		B188D8A62B88591F0092D848 /* Explore */ = {
			isa = PBXGroup;
			children = (
				B188D8A42B8854E30092D848 /* ExploreView.swift */,
				B188D8A82B8859770092D848 /* FilterView.swift */,
				B188D8AA2B8864830092D848 /* BookRowDetail.swift */,
			);
			path = Explore;
			sourceTree = "<group>";
		};
		B188D8A72B8859300092D848 /* Home */ = {
			isa = PBXGroup;
			children = (
				B1CDFB632B770BC400C439B0 /* HomeView.swift */,
			);
			path = Home;
			sourceTree = "<group>";
		};
		B1CDFB512B770BC300C439B0 = {
			isa = PBXGroup;
			children = (
				B1CDFB5C2B770BC400C439B0 /* Paperplane */,
				B1CDFB5D2B770BC400C439B0 /* Packages */,
				B1CDFB5B2B770BC400C439B0 /* Products */,
			);
			sourceTree = "<group>";
		};
		B1CDFB5B2B770BC400C439B0 /* Products */ = {
			isa = PBXGroup;
			children = (
				B1CDFB5A2B770BC400C439B0 /* Paperplane.app */,
			);
			name = Products;
			sourceTree = "<group>";
		};
		B1CDFB5C2B770BC400C439B0 /* Paperplane */ = {
			isa = PBXGroup;
			children = (
				B188D8922B86D86D0092D848 /* sampleVideo.mp4 */,
				B188D8A22B884D680092D848 /* example.epub */,
				B188D8992B8704650092D848 /* AppDelegate.swift */,
				B1CDFB612B770BC400C439B0 /* PaperplaneApp.swift */,
				B161B97D2B82B2DC0095B366 /* ContentView.swift */,
				B1CDFB842B809E9400C439B0 /* Scenes */,
				B1CDFB832B8088B100C439B0 /* Views */,
				B1CDFB822B80882900C439B0 /* Services */,
				B1CDFB812B80881200C439B0 /* Models */,
				B1CDFB672B770BC800C439B0 /* Assets.xcassets */,
				B1CDFB6C2B770BC800C439B0 /* Info.plist */,
				B1CDFB692B770BC800C439B0 /* Preview Content */,
			);
			path = Paperplane;
			sourceTree = "<group>";
		};
		B1CDFB5D2B770BC400C439B0 /* Packages */ = {
			isa = PBXGroup;
			children = (
				B1CDFB5E2B770BC400C439B0 /* RealityKitContent */,
			);
			path = Packages;
			sourceTree = "<group>";
		};
		B1CDFB692B770BC800C439B0 /* Preview Content */ = {
			isa = PBXGroup;
			children = (
				B1CDFB6A2B770BC800C439B0 /* Preview Assets.xcassets */,
			);
			path = "Preview Content";
			sourceTree = "<group>";
		};
		B1CDFB812B80881200C439B0 /* Models */ = {
			isa = PBXGroup;
			children = (
				B1CDFB752B7ACF1300C439B0 /* DataModel.swift */,
			);
			path = Models;
			sourceTree = "<group>";
		};
		B1CDFB822B80882900C439B0 /* Services */ = {
			isa = PBXGroup;
			children = (
				B1CDFB772B801F5500C439B0 /* BookService.swift */,
				B1CDFB792B805A7100C439B0 /* ImageLoader.swift */,
			);
			path = Services;
			sourceTree = "<group>";
		};
		B1CDFB832B8088B100C439B0 /* Views */ = {
			isa = PBXGroup;
			children = (
				B188D8A72B8859300092D848 /* Home */,
				B188D8A62B88591F0092D848 /* Explore */,
				B188D8942B86EAA10092D848 /* Book */,
				B161B97B2B82B1F60095B366 /* TabBar.swift */,
				B188D86B2B86AD7A0092D848 /* BookGridView.swift */,
			);
			path = Views;
			sourceTree = "<group>";
		};
		B1CDFB842B809E9400C439B0 /* Scenes */ = {
			isa = PBXGroup;
			children = (
				B188D8A12B87D4FE0092D848 /* ImmersiveScene */,
				B161B9832B82BE1B0095B366 /* Reader */,
				B1CDFB852B809EAF00C439B0 /* BookDetailsScene.swift */,
			);
			path = Scenes;
			sourceTree = "<group>";
		};
/* End PBXGroup section */

/* Begin PBXNativeTarget section */
		B1CDFB592B770BC400C439B0 /* Paperplane */ = {
			isa = PBXNativeTarget;
			buildConfigurationList = B1CDFB6F2B770BC800C439B0 /* Build configuration list for PBXNativeTarget "Paperplane" */;
			buildPhases = (
				B1CDFB562B770BC400C439B0 /* Sources */,
				B1CDFB572B770BC400C439B0 /* Frameworks */,
				B1CDFB582B770BC400C439B0 /* Resources */,
			);
			buildRules = (
			);
			dependencies = (
			);
			name = Paperplane;
			packageProductDependencies = (
				B1CDFB5F2B770BC400C439B0 /* RealityKitContent */,
				B188D85E2B86AAFD0092D848 /* R2Navigator */,
				B188D8602B86AAFD0092D848 /* R2Shared */,
				B188D8622B86AAFD0092D848 /* R2Streamer */,
				B188D8652B86AC6E0092D848 /* R2Navigator */,
				B188D8672B86AC6E0092D848 /* R2Shared */,
				B188D8692B86AC6E0092D848 /* R2Streamer */,
				B188D89B2B870C180092D848 /* ReadiumAdapterGCDWebServer */,
			);
			productName = Paperplane;
			productReference = B1CDFB5A2B770BC400C439B0 /* Paperplane.app */;
			productType = "com.apple.product-type.application";
		};
/* End PBXNativeTarget section */

/* Begin PBXProject section */
		B1CDFB522B770BC300C439B0 /* Project object */ = {
			isa = PBXProject;
			attributes = {
				BuildIndependentTargetsInParallel = 1;
				LastSwiftUpdateCheck = 1520;
				LastUpgradeCheck = 1520;
				TargetAttributes = {
					B1CDFB592B770BC400C439B0 = {
						CreatedOnToolsVersion = 15.2;
					};
				};
			};
			buildConfigurationList = B1CDFB552B770BC300C439B0 /* Build configuration list for PBXProject "Paperplane" */;
			compatibilityVersion = "Xcode 14.0";
			developmentRegion = en;
			hasScannedForEncodings = 0;
			knownRegions = (
				en,
				Base,
			);
			mainGroup = B1CDFB512B770BC300C439B0;
			packageReferences = (
				B188D8642B86AC6E0092D848 /* XCLocalSwiftPackageReference "swift-toolkit" */,
			);
			productRefGroup = B1CDFB5B2B770BC400C439B0 /* Products */;
			projectDirPath = "";
			projectRoot = "";
			targets = (
				B1CDFB592B770BC400C439B0 /* Paperplane */,
			);
		};
/* End PBXProject section */

/* Begin PBXResourcesBuildPhase section */
		B1CDFB582B770BC400C439B0 /* Resources */ = {
			isa = PBXResourcesBuildPhase;
			buildActionMask = 2147483647;
			files = (
				B188D8932B86D86D0092D848 /* sampleVideo.mp4 in Resources */,
				B1CDFB6B2B770BC800C439B0 /* Preview Assets.xcassets in Resources */,
				B188D8A32B884D690092D848 /* example.epub in Resources */,
				B1CDFB682B770BC800C439B0 /* Assets.xcassets in Resources */,
			);
			runOnlyForDeploymentPostprocessing = 0;
		};
/* End PBXResourcesBuildPhase section */

/* Begin PBXSourcesBuildPhase section */
		B1CDFB562B770BC400C439B0 /* Sources */ = {
			isa = PBXSourcesBuildPhase;
			buildActionMask = 2147483647;
			files = (
				B1CDFB782B801F5500C439B0 /* BookService.swift in Sources */,
				B161B97E2B82B2DC0095B366 /* ContentView.swift in Sources */,
				B188D86C2B86AD7A0092D848 /* BookGridView.swift in Sources */,
				B161B9822B82BBB90095B366 /* ReaderView.swift in Sources */,
				B161B9852B82BE360095B366 /* ImmersiveReaderView.swift in Sources */,
				B1CDFB862B809EAF00C439B0 /* BookDetailsScene.swift in Sources */,
				B188D8A52B8854E30092D848 /* ExploreView.swift in Sources */,
				B188D8A92B8859770092D848 /* FilterView.swift in Sources */,
				B188D89A2B8704650092D848 /* AppDelegate.swift in Sources */,
				B1CDFB762B7ACF1300C439B0 /* DataModel.swift in Sources */,
				B188D85C2B8483DE0092D848 /* EPUBReaderView.swift in Sources */,
				B1CDFB7C2B805DF900C439B0 /* BookCoverView.swift in Sources */,
				B1CDFB802B8085FF00C439B0 /* BookDetailView.swift in Sources */,
				B1CDFB7A2B805A7100C439B0 /* ImageLoader.swift in Sources */,
				B1CDFB642B770BC400C439B0 /* HomeView.swift in Sources */,
				B188D8962B86F5560092D848 /* EPUBReaderViewController.swift in Sources */,
				B188D8A02B87D00C0092D848 /* ImmersiveReaderScene.swift in Sources */,
				B188D86E2B86ADF60092D848 /* BookItem.swift in Sources */,
				B161B97C2B82B1F60095B366 /* TabBar.swift in Sources */,
				B1CDFB622B770BC400C439B0 /* PaperplaneApp.swift in Sources */,
				B188D8AB2B8864830092D848 /* BookRowDetail.swift in Sources */,
				B161B9802B82BB8F0095B366 /* ReaderScene.swift in Sources */,
			);
			runOnlyForDeploymentPostprocessing = 0;
		};
/* End PBXSourcesBuildPhase section */

/* Begin XCBuildConfiguration section */
		B1CDFB6D2B770BC800C439B0 /* Debug */ = {
			isa = XCBuildConfiguration;
			buildSettings = {
				ALWAYS_SEARCH_USER_PATHS = NO;
				ASSETCATALOG_COMPILER_GENERATE_SWIFT_ASSET_SYMBOL_EXTENSIONS = YES;
				CLANG_ANALYZER_NONNULL = YES;
				CLANG_ANALYZER_NUMBER_OBJECT_CONVERSION = YES_AGGRESSIVE;
				CLANG_CXX_LANGUAGE_STANDARD = "gnu++20";
				CLANG_ENABLE_MODULES = YES;
				CLANG_ENABLE_OBJC_ARC = YES;
				CLANG_ENABLE_OBJC_WEAK = YES;
				CLANG_WARN_BLOCK_CAPTURE_AUTORELEASING = YES;
				CLANG_WARN_BOOL_CONVERSION = YES;
				CLANG_WARN_COMMA = YES;
				CLANG_WARN_CONSTANT_CONVERSION = YES;
				CLANG_WARN_DEPRECATED_OBJC_IMPLEMENTATIONS = YES;
				CLANG_WARN_DIRECT_OBJC_ISA_USAGE = YES_ERROR;
				CLANG_WARN_DOCUMENTATION_COMMENTS = YES;
				CLANG_WARN_EMPTY_BODY = YES;
				CLANG_WARN_ENUM_CONVERSION = YES;
				CLANG_WARN_INFINITE_RECURSION = YES;
				CLANG_WARN_INT_CONVERSION = YES;
				CLANG_WARN_NON_LITERAL_NULL_CONVERSION = YES;
				CLANG_WARN_OBJC_IMPLICIT_RETAIN_SELF = YES;
				CLANG_WARN_OBJC_LITERAL_CONVERSION = YES;
				CLANG_WARN_OBJC_ROOT_CLASS = YES_ERROR;
				CLANG_WARN_QUOTED_INCLUDE_IN_FRAMEWORK_HEADER = YES;
				CLANG_WARN_RANGE_LOOP_ANALYSIS = YES;
				CLANG_WARN_STRICT_PROTOTYPES = YES;
				CLANG_WARN_SUSPICIOUS_MOVE = YES;
				CLANG_WARN_UNGUARDED_AVAILABILITY = YES_AGGRESSIVE;
				CLANG_WARN_UNREACHABLE_CODE = YES;
				CLANG_WARN__DUPLICATE_METHOD_MATCH = YES;
				COPY_PHASE_STRIP = NO;
				DEBUG_INFORMATION_FORMAT = dwarf;
				ENABLE_STRICT_OBJC_MSGSEND = YES;
				ENABLE_TESTABILITY = YES;
				ENABLE_USER_SCRIPT_SANDBOXING = YES;
				GCC_C_LANGUAGE_STANDARD = gnu17;
				GCC_DYNAMIC_NO_PIC = NO;
				GCC_NO_COMMON_BLOCKS = YES;
				GCC_OPTIMIZATION_LEVEL = 0;
				GCC_PREPROCESSOR_DEFINITIONS = (
					"DEBUG=1",
					"$(inherited)",
				);
				GCC_WARN_64_TO_32_BIT_CONVERSION = YES;
				GCC_WARN_ABOUT_RETURN_TYPE = YES_ERROR;
				GCC_WARN_UNDECLARED_SELECTOR = YES;
				GCC_WARN_UNINITIALIZED_AUTOS = YES_AGGRESSIVE;
				GCC_WARN_UNUSED_FUNCTION = YES;
				GCC_WARN_UNUSED_VARIABLE = YES;
				LOCALIZATION_PREFERS_STRING_CATALOGS = YES;
				MTL_ENABLE_DEBUG_INFO = INCLUDE_SOURCE;
				MTL_FAST_MATH = YES;
				ONLY_ACTIVE_ARCH = YES;
				SDKROOT = xros;
				SWIFT_ACTIVE_COMPILATION_CONDITIONS = "DEBUG $(inherited)";
				SWIFT_OPTIMIZATION_LEVEL = "-Onone";
				XROS_DEPLOYMENT_TARGET = 1.0;
			};
			name = Debug;
		};
		B1CDFB6E2B770BC800C439B0 /* Release */ = {
			isa = XCBuildConfiguration;
			buildSettings = {
				ALWAYS_SEARCH_USER_PATHS = NO;
				ASSETCATALOG_COMPILER_GENERATE_SWIFT_ASSET_SYMBOL_EXTENSIONS = YES;
				CLANG_ANALYZER_NONNULL = YES;
				CLANG_ANALYZER_NUMBER_OBJECT_CONVERSION = YES_AGGRESSIVE;
				CLANG_CXX_LANGUAGE_STANDARD = "gnu++20";
				CLANG_ENABLE_MODULES = YES;
				CLANG_ENABLE_OBJC_ARC = YES;
				CLANG_ENABLE_OBJC_WEAK = YES;
				CLANG_WARN_BLOCK_CAPTURE_AUTORELEASING = YES;
				CLANG_WARN_BOOL_CONVERSION = YES;
				CLANG_WARN_COMMA = YES;
				CLANG_WARN_CONSTANT_CONVERSION = YES;
				CLANG_WARN_DEPRECATED_OBJC_IMPLEMENTATIONS = YES;
				CLANG_WARN_DIRECT_OBJC_ISA_USAGE = YES_ERROR;
				CLANG_WARN_DOCUMENTATION_COMMENTS = YES;
				CLANG_WARN_EMPTY_BODY = YES;
				CLANG_WARN_ENUM_CONVERSION = YES;
				CLANG_WARN_INFINITE_RECURSION = YES;
				CLANG_WARN_INT_CONVERSION = YES;
				CLANG_WARN_NON_LITERAL_NULL_CONVERSION = YES;
				CLANG_WARN_OBJC_IMPLICIT_RETAIN_SELF = YES;
				CLANG_WARN_OBJC_LITERAL_CONVERSION = YES;
				CLANG_WARN_OBJC_ROOT_CLASS = YES_ERROR;
				CLANG_WARN_QUOTED_INCLUDE_IN_FRAMEWORK_HEADER = YES;
				CLANG_WARN_RANGE_LOOP_ANALYSIS = YES;
				CLANG_WARN_STRICT_PROTOTYPES = YES;
				CLANG_WARN_SUSPICIOUS_MOVE = YES;
				CLANG_WARN_UNGUARDED_AVAILABILITY = YES_AGGRESSIVE;
				CLANG_WARN_UNREACHABLE_CODE = YES;
				CLANG_WARN__DUPLICATE_METHOD_MATCH = YES;
				COPY_PHASE_STRIP = NO;
				DEBUG_INFORMATION_FORMAT = "dwarf-with-dsym";
				ENABLE_NS_ASSERTIONS = NO;
				ENABLE_STRICT_OBJC_MSGSEND = YES;
				ENABLE_USER_SCRIPT_SANDBOXING = YES;
				GCC_C_LANGUAGE_STANDARD = gnu17;
				GCC_NO_COMMON_BLOCKS = YES;
				GCC_WARN_64_TO_32_BIT_CONVERSION = YES;
				GCC_WARN_ABOUT_RETURN_TYPE = YES_ERROR;
				GCC_WARN_UNDECLARED_SELECTOR = YES;
				GCC_WARN_UNINITIALIZED_AUTOS = YES_AGGRESSIVE;
				GCC_WARN_UNUSED_FUNCTION = YES;
				GCC_WARN_UNUSED_VARIABLE = YES;
				LOCALIZATION_PREFERS_STRING_CATALOGS = YES;
				MTL_ENABLE_DEBUG_INFO = NO;
				MTL_FAST_MATH = YES;
				SDKROOT = xros;
				SWIFT_COMPILATION_MODE = wholemodule;
				VALIDATE_PRODUCT = YES;
				XROS_DEPLOYMENT_TARGET = 1.0;
			};
			name = Release;
		};
		B1CDFB702B770BC800C439B0 /* Debug */ = {
			isa = XCBuildConfiguration;
			buildSettings = {
				ASSETCATALOG_COMPILER_APPICON_NAME = AppIcon;
				ASSETCATALOG_COMPILER_GLOBAL_ACCENT_COLOR_NAME = AccentColor;
				CODE_SIGN_STYLE = Automatic;
				CURRENT_PROJECT_VERSION = 1;
				DEVELOPMENT_ASSET_PATHS = "\"Paperplane/Preview Content\"";
				ENABLE_PREVIEWS = YES;
				GENERATE_INFOPLIST_FILE = YES;
				INFOPLIST_FILE = "$(TARGET_NAME)/Info.plist";
				LD_RUNPATH_SEARCH_PATHS = (
					"$(inherited)",
					"@executable_path/Frameworks",
				);
				MARKETING_VERSION = 1.0;
				PRODUCT_BUNDLE_IDENTIFIER = com.example.Paperplane;
				PRODUCT_NAME = "$(TARGET_NAME)";
				SUPPORTED_PLATFORMS = "xros xrsimulator";
				SWIFT_EMIT_LOC_STRINGS = YES;
				SWIFT_VERSION = 5.0;
				TARGETED_DEVICE_FAMILY = "1,2,7";
			};
			name = Debug;
		};
		B1CDFB712B770BC800C439B0 /* Release */ = {
			isa = XCBuildConfiguration;
			buildSettings = {
				ASSETCATALOG_COMPILER_APPICON_NAME = AppIcon;
				ASSETCATALOG_COMPILER_GLOBAL_ACCENT_COLOR_NAME = AccentColor;
				CODE_SIGN_STYLE = Automatic;
				CURRENT_PROJECT_VERSION = 1;
				DEVELOPMENT_ASSET_PATHS = "\"Paperplane/Preview Content\"";
				ENABLE_PREVIEWS = YES;
				GENERATE_INFOPLIST_FILE = YES;
				INFOPLIST_FILE = "$(TARGET_NAME)/Info.plist";
				LD_RUNPATH_SEARCH_PATHS = (
					"$(inherited)",
					"@executable_path/Frameworks",
				);
				MARKETING_VERSION = 1.0;
				PRODUCT_BUNDLE_IDENTIFIER = com.example.Paperplane;
				PRODUCT_NAME = "$(TARGET_NAME)";
				SUPPORTED_PLATFORMS = "xros xrsimulator";
				SWIFT_EMIT_LOC_STRINGS = YES;
				SWIFT_VERSION = 5.0;
				TARGETED_DEVICE_FAMILY = "1,2,7";
			};
			name = Release;
		};
/* End XCBuildConfiguration section */

/* Begin XCConfigurationList section */
		B1CDFB552B770BC300C439B0 /* Build configuration list for PBXProject "Paperplane" */ = {
			isa = XCConfigurationList;
			buildConfigurations = (
				B1CDFB6D2B770BC800C439B0 /* Debug */,
				B1CDFB6E2B770BC800C439B0 /* Release */,
			);
			defaultConfigurationIsVisible = 0;
			defaultConfigurationName = Release;
		};
		B1CDFB6F2B770BC800C439B0 /* Build configuration list for PBXNativeTarget "Paperplane" */ = {
			isa = XCConfigurationList;
			buildConfigurations = (
				B1CDFB702B770BC800C439B0 /* Debug */,
				B1CDFB712B770BC800C439B0 /* Release */,
			);
			defaultConfigurationIsVisible = 0;
			defaultConfigurationName = Release;
		};
/* End XCConfigurationList section */

/* Begin XCLocalSwiftPackageReference section */
		B188D8642B86AC6E0092D848 /* XCLocalSwiftPackageReference "swift-toolkit" */ = {
			isa = XCLocalSwiftPackageReference;
			relativePath = "swift-toolkit";
		};
/* End XCLocalSwiftPackageReference section */

/* Begin XCSwiftPackageProductDependency section */
		B188D85E2B86AAFD0092D848 /* R2Navigator */ = {
			isa = XCSwiftPackageProductDependency;
			productName = R2Navigator;
		};
		B188D8602B86AAFD0092D848 /* R2Shared */ = {
			isa = XCSwiftPackageProductDependency;
			productName = R2Shared;
		};
		B188D8622B86AAFD0092D848 /* R2Streamer */ = {
			isa = XCSwiftPackageProductDependency;
			productName = R2Streamer;
		};
		B188D8652B86AC6E0092D848 /* R2Navigator */ = {
			isa = XCSwiftPackageProductDependency;
			productName = R2Navigator;
		};
		B188D8672B86AC6E0092D848 /* R2Shared */ = {
			isa = XCSwiftPackageProductDependency;
			productName = R2Shared;
		};
		B188D8692B86AC6E0092D848 /* R2Streamer */ = {
			isa = XCSwiftPackageProductDependency;
			productName = R2Streamer;
		};
		B188D89B2B870C180092D848 /* ReadiumAdapterGCDWebServer */ = {
			isa = XCSwiftPackageProductDependency;
			productName = ReadiumAdapterGCDWebServer;
		};
		B1CDFB5F2B770BC400C439B0 /* RealityKitContent */ = {
			isa = XCSwiftPackageProductDependency;
			productName = RealityKitContent;
		};
/* End XCSwiftPackageProductDependency section */
	};
	rootObject = B1CDFB522B770BC300C439B0 /* Project object */;
}
